// !$*UTF8*$!
{
	archiveVersion = 1;
	classes = {
	};
	objectVersion = 46;
	objects = {

/* Begin PBXBuildFile section */
		C60F58231C5192B0005DEE96 /* MenuController.swift in Sources */ = {isa = PBXBuildFile; fileRef = C60F58221C5192B0005DEE96 /* MenuController.swift */; };
		C60F58271C519CFF005DEE96 /* SWRevealViewController.m in Sources */ = {isa = PBXBuildFile; fileRef = C60F58261C519CFF005DEE96 /* SWRevealViewController.m */; };
		C60F582B1C51A1E5005DEE96 /* ProductionMenuViewController.swift in Sources */ = {isa = PBXBuildFile; fileRef = C60F582A1C51A1E5005DEE96 /* ProductionMenuViewController.swift */; };
		C60F582D1C51A7BE005DEE96 /* HomeViewController.swift in Sources */ = {isa = PBXBuildFile; fileRef = C60F582C1C51A7BE005DEE96 /* HomeViewController.swift */; };
		C60F585B1C52F2F8005DEE96 /* InventoryViewController.swift in Sources */ = {isa = PBXBuildFile; fileRef = C60F585A1C52F2F8005DEE96 /* InventoryViewController.swift */; };
		C663BD6E1C504EF4009C50D9 /* AppDelegate.swift in Sources */ = {isa = PBXBuildFile; fileRef = C663BD6D1C504EF4009C50D9 /* AppDelegate.swift */; };
		C663BD701C504EF4009C50D9 /* ViewController.swift in Sources */ = {isa = PBXBuildFile; fileRef = C663BD6F1C504EF4009C50D9 /* ViewController.swift */; };
		C663BD731C504EF4009C50D9 /* Main.storyboard in Resources */ = {isa = PBXBuildFile; fileRef = C663BD711C504EF4009C50D9 /* Main.storyboard */; };
		C663BD751C504EF4009C50D9 /* Assets.xcassets in Resources */ = {isa = PBXBuildFile; fileRef = C663BD741C504EF4009C50D9 /* Assets.xcassets */; };
		C663BD781C504EF4009C50D9 /* LaunchScreen.storyboard in Resources */ = {isa = PBXBuildFile; fileRef = C663BD761C504EF4009C50D9 /* LaunchScreen.storyboard */; };
/* End PBXBuildFile section */

/* Begin PBXFileReference section */
		C60F58221C5192B0005DEE96 /* MenuController.swift */ = {isa = PBXFileReference; fileEncoding = 4; lastKnownFileType = sourcecode.swift; path = MenuController.swift; sourceTree = "<group>"; };
		C60F58241C519CFE005DEE96 /* MartinApp-Bridging-Header.h */ = {isa = PBXFileReference; lastKnownFileType = sourcecode.c.h; path = "MartinApp-Bridging-Header.h"; sourceTree = "<group>"; };
		C60F58251C519CFF005DEE96 /* SWRevealViewController.h */ = {isa = PBXFileReference; fileEncoding = 4; lastKnownFileType = sourcecode.c.h; name = SWRevealViewController.h; path = "../../../../Downloads/SWRevealViewController-master/SWRevealViewController/SWRevealViewController.h"; sourceTree = "<group>"; };
		C60F58261C519CFF005DEE96 /* SWRevealViewController.m */ = {isa = PBXFileReference; fileEncoding = 4; lastKnownFileType = sourcecode.c.objc; name = SWRevealViewController.m; path = "../../../../Downloads/SWRevealViewController-master/SWRevealViewController/SWRevealViewController.m"; sourceTree = "<group>"; };
		C60F582A1C51A1E5005DEE96 /* ProductionMenuViewController.swift */ = {isa = PBXFileReference; fileEncoding = 4; lastKnownFileType = sourcecode.swift; path = ProductionMenuViewController.swift; sourceTree = "<group>"; };
		C60F582C1C51A7BE005DEE96 /* HomeViewController.swift */ = {isa = PBXFileReference; fileEncoding = 4; lastKnownFileType = sourcecode.swift; path = HomeViewController.swift; sourceTree = "<group>"; };
		C60F585A1C52F2F8005DEE96 /* InventoryViewController.swift */ = {isa = PBXFileReference; fileEncoding = 4; lastKnownFileType = sourcecode.swift; path = InventoryViewController.swift; sourceTree = "<group>"; };
		C663BD6A1C504EF4009C50D9 /* MartinApp.app */ = {isa = PBXFileReference; explicitFileType = wrapper.application; includeInIndex = 0; path = MartinApp.app; sourceTree = BUILT_PRODUCTS_DIR; };
		C663BD6D1C504EF4009C50D9 /* AppDelegate.swift */ = {isa = PBXFileReference; lastKnownFileType = sourcecode.swift; path = AppDelegate.swift; sourceTree = "<group>"; };
		C663BD6F1C504EF4009C50D9 /* ViewController.swift */ = {isa = PBXFileReference; lastKnownFileType = sourcecode.swift; path = ViewController.swift; sourceTree = "<group>"; };
		C663BD721C504EF4009C50D9 /* Base */ = {isa = PBXFileReference; lastKnownFileType = file.storyboard; name = Base; path = Base.lproj/Main.storyboard; sourceTree = "<group>"; };
		C663BD741C504EF4009C50D9 /* Assets.xcassets */ = {isa = PBXFileReference; lastKnownFileType = folder.assetcatalog; path = Assets.xcassets; sourceTree = "<group>"; };
		C663BD771C504EF4009C50D9 /* Base */ = {isa = PBXFileReference; lastKnownFileType = file.storyboard; name = Base; path = Base.lproj/LaunchScreen.storyboard; sourceTree = "<group>"; };
		C663BD791C504EF4009C50D9 /* Info.plist */ = {isa = PBXFileReference; lastKnownFileType = text.plist.xml; path = Info.plist; sourceTree = "<group>"; };
/* End PBXFileReference section */

/* Begin PBXFrameworksBuildPhase section */
		C663BD671C504EF4009C50D9 /* Frameworks */ = {
			isa = PBXFrameworksBuildPhase;
			buildActionMask = 2147483647;
			files = (
			);
			runOnlyForDeploymentPostprocessing = 0;
		};
/* End PBXFrameworksBuildPhase section */

/* Begin PBXGroup section */
		C60F58291C519D1A005DEE96 /* SWRevealViewController */ = {
			isa = PBXGroup;
			children = (
				C60F58251C519CFF005DEE96 /* SWRevealViewController.h */,
				C60F58261C519CFF005DEE96 /* SWRevealViewController.m */,
			);
			name = SWRevealViewController;
			sourceTree = "<group>";
		};
		C663BD611C504EF4009C50D9 = {
			isa = PBXGroup;
			children = (
				C663BD6C1C504EF4009C50D9 /* MartinApp */,
				C663BD6B1C504EF4009C50D9 /* Products */,
			);
			sourceTree = "<group>";
		};
		C663BD6B1C504EF4009C50D9 /* Products */ = {
			isa = PBXGroup;
			children = (
				C663BD6A1C504EF4009C50D9 /* MartinApp.app */,
			);
			name = Products;
			sourceTree = "<group>";
		};
		C663BD6C1C504EF4009C50D9 /* MartinApp */ = {
			isa = PBXGroup;
			children = (
				C60F58291C519D1A005DEE96 /* SWRevealViewController */,
				C663BD6D1C504EF4009C50D9 /* AppDelegate.swift */,
				C663BD6F1C504EF4009C50D9 /* ViewController.swift */,
				C663BD711C504EF4009C50D9 /* Main.storyboard */,
				C663BD741C504EF4009C50D9 /* Assets.xcassets */,
				C663BD761C504EF4009C50D9 /* LaunchScreen.storyboard */,
				C663BD791C504EF4009C50D9 /* Info.plist */,
				C60F58221C5192B0005DEE96 /* MenuController.swift */,
				C60F58241C519CFE005DEE96 /* MartinApp-Bridging-Header.h */,
				C60F582A1C51A1E5005DEE96 /* ProductionMenuViewController.swift */,
				C60F582C1C51A7BE005DEE96 /* HomeViewController.swift */,
				C60F585A1C52F2F8005DEE96 /* InventoryViewController.swift */,
			);
			path = MartinApp;
			sourceTree = "<group>";
		};
/* End PBXGroup section */

/* Begin PBXNativeTarget section */
		C663BD691C504EF4009C50D9 /* MartinApp */ = {
			isa = PBXNativeTarget;
			buildConfigurationList = C663BD7C1C504EF4009C50D9 /* Build configuration list for PBXNativeTarget "MartinApp" */;
			buildPhases = (
				C663BD661C504EF4009C50D9 /* Sources */,
				C663BD671C504EF4009C50D9 /* Frameworks */,
				C663BD681C504EF4009C50D9 /* Resources */,
			);
			buildRules = (
			);
			dependencies = (
			);
			name = MartinApp;
			productName = MartinApp;
			productReference = C663BD6A1C504EF4009C50D9 /* MartinApp.app */;
			productType = "com.apple.product-type.application";
		};
/* End PBXNativeTarget section */

/* Begin PBXProject section */
		C663BD621C504EF4009C50D9 /* Project object */ = {
			isa = PBXProject;
			attributes = {
				LastSwiftUpdateCheck = 0720;
				LastUpgradeCheck = 0720;
				ORGANIZATIONNAME = "Geo M Martin Company";
				TargetAttributes = {
					C663BD691C504EF4009C50D9 = {
						CreatedOnToolsVersion = 7.2;
						DevelopmentTeam = 65JRY2NF8L;
					};
				};
			};
			buildConfigurationList = C663BD651C504EF4009C50D9 /* Build configuration list for PBXProject "MartinApp" */;
			compatibilityVersion = "Xcode 3.2";
			developmentRegion = English;
			hasScannedForEncodings = 0;
			knownRegions = (
				en,
				Base,
			);
			mainGroup = C663BD611C504EF4009C50D9;
			productRefGroup = C663BD6B1C504EF4009C50D9 /* Products */;
			projectDirPath = "";
			projectRoot = "";
			targets = (
				C663BD691C504EF4009C50D9 /* MartinApp */,
			);
		};
/* End PBXProject section */

/* Begin PBXResourcesBuildPhase section */
		C663BD681C504EF4009C50D9 /* Resources */ = {
			isa = PBXResourcesBuildPhase;
			buildActionMask = 2147483647;
			files = (
				C663BD781C504EF4009C50D9 /* LaunchScreen.storyboard in Resources */,
				C663BD751C504EF4009C50D9 /* Assets.xcassets in Resources */,
				C663BD731C504EF4009C50D9 /* Main.storyboard in Resources */,
			);
			runOnlyForDeploymentPostprocessing = 0;
		};
/* End PBXResourcesBuildPhase section */

/* Begin PBXSourcesBuildPhase section */
		C663BD661C504EF4009C50D9 /* Sources */ = {
			isa = PBXSourcesBuildPhase;
			buildActionMask = 2147483647;
			files = (
				C60F585B1C52F2F8005DEE96 /* InventoryViewController.swift in Sources */,
				C663BD701C504EF4009C50D9 /* ViewController.swift in Sources */,
				C60F58231C5192B0005DEE96 /* MenuController.swift in Sources */,
				C60F582B1C51A1E5005DEE96 /* ProductionMenuViewController.swift in Sources */,
				C663BD6E1C504EF4009C50D9 /* AppDelegate.swift in Sources */,
				C60F58271C519CFF005DEE96 /* SWRevealViewController.m in Sources */,
				C60F582D1C51A7BE005DEE96 /* HomeViewController.swift in Sources */,
			);
			runOnlyForDeploymentPostprocessing = 0;
		};
/* End PBXSourcesBuildPhase section */

/* Begin PBXVariantGroup section */
		C663BD711C504EF4009C50D9 /* Main.storyboard */ = {
			isa = PBXVariantGroup;
			children = (
				C663BD721C504EF4009C50D9 /* Base */,
			);
			name = Main.storyboard;
			sourceTree = "<group>";
		};
		C663BD761C504EF4009C50D9 /* LaunchScreen.storyboard */ = {
			isa = PBXVariantGroup;
			children = (
				C663BD771C504EF4009C50D9 /* Base */,
			);
			name = LaunchScreen.storyboard;
			sourceTree = "<group>";
		};
/* End PBXVariantGroup section */

/* Begin XCBuildConfiguration section */
		C663BD7A1C504EF4009C50D9 /* Debug */ = {
			isa = XCBuildConfiguration;
			buildSettings = {
				ALWAYS_SEARCH_USER_PATHS = NO;
				CLANG_CXX_LANGUAGE_STANDARD = "gnu++0x";
				CLANG_CXX_LIBRARY = "libc++";
				CLANG_ENABLE_MODULES = YES;
				CLANG_ENABLE_OBJC_ARC = YES;
				CLANG_WARN_BOOL_CONVERSION = YES;
				CLANG_WARN_CONSTANT_CONVERSION = YES;
				CLANG_WARN_DIRECT_OBJC_ISA_USAGE = YES_ERROR;
				CLANG_WARN_EMPTY_BODY = YES;
				CLANG_WARN_ENUM_CONVERSION = YES;
				CLANG_WARN_INT_CONVERSION = YES;
				CLANG_WARN_OBJC_ROOT_CLASS = YES_ERROR;
				CLANG_WARN_UNREACHABLE_CODE = YES;
				CLANG_WARN__DUPLICATE_METHOD_MATCH = YES;
				"CODE_SIGN_IDENTITY[sdk=iphoneos*]" = "iPhone Developer";
				COPY_PHASE_STRIP = NO;
				DEBUG_INFORMATION_FORMAT = dwarf;
				ENABLE_STRICT_OBJC_MSGSEND = YES;
				ENABLE_TESTABILITY = YES;
				GCC_C_LANGUAGE_STANDARD = gnu99;
				GCC_DYNAMIC_NO_PIC = NO;
				GCC_NO_COMMON_BLOCKS = YES;
				GCC_OPTIMIZATION_LEVEL = 0;
				GCC_PREPROCESSOR_DEFINITIONS = (
					"DEBUG=1",
					"$(inherited)",
				);
				GCC_WARN_64_TO_32_BIT_CONVERSION = YES;
				GCC_WARN_ABOUT_RETURN_TYPE = YES_ERROR;
				GCC_WARN_UNDECLARED_SELECTOR = YES;
				GCC_WARN_UNINITIALIZED_AUTOS = YES_AGGRESSIVE;
				GCC_WARN_UNUSED_FUNCTION = YES;
				GCC_WARN_UNUSED_VARIABLE = YES;
				IPHONEOS_DEPLOYMENT_TARGET = 9.2;
				MTL_ENABLE_DEBUG_INFO = YES;
				ONLY_ACTIVE_ARCH = YES;
				SDKROOT = iphoneos;
				SWIFT_OPTIMIZATION_LEVEL = "-Onone";
				TARGETED_DEVICE_FAMILY = "1,2";
			};
			name = Debug;
		};
		C663BD7B1C504EF4009C50D9 /* Release */ = {
			isa = XCBuildConfiguration;
			buildSettings = {
				ALWAYS_SEARCH_USER_PATHS = NO;
				CLANG_CXX_LANGUAGE_STANDARD = "gnu++0x";
				CLANG_CXX_LIBRARY = "libc++";
				CLANG_ENABLE_MODULES = YES;
				CLANG_ENABLE_OBJC_ARC = YES;
				CLANG_WARN_BOOL_CONVERSION = YES;
				CLANG_WARN_CONSTANT_CONVERSION = YES;
				CLANG_WARN_DIRECT_OBJC_ISA_USAGE = YES_ERROR;
				CLANG_WARN_EMPTY_BODY = YES;
				CLANG_WARN_ENUM_CONVERSION = YES;
				CLANG_WARN_INT_CONVERSION = YES;
				CLANG_WARN_OBJC_ROOT_CLASS = YES_ERROR;
				CLANG_WARN_UNREACHABLE_CODE = YES;
				CLANG_WARN__DUPLICATE_METHOD_MATCH = YES;
				"CODE_SIGN_IDENTITY[sdk=iphoneos*]" = "iPhone Developer";
				COPY_PHASE_STRIP = NO;
				DEBUG_INFORMATION_FORMAT = "dwarf-with-dsym";
				ENABLE_NS_ASSERTIONS = NO;
				ENABLE_STRICT_OBJC_MSGSEND = YES;
				GCC_C_LANGUAGE_STANDARD = gnu99;
				GCC_NO_COMMON_BLOCKS = YES;
				GCC_WARN_64_TO_32_BIT_CONVERSION = YES;
				GCC_WARN_ABOUT_RETURN_TYPE = YES_ERROR;
				GCC_WARN_UNDECLARED_SELECTOR = YES;
				GCC_WARN_UNINITIALIZED_AUTOS = YES_AGGRESSIVE;
				GCC_WARN_UNUSED_FUNCTION = YES;
				GCC_WARN_UNUSED_VARIABLE = YES;
				IPHONEOS_DEPLOYMENT_TARGET = 9.2;
				MTL_ENABLE_DEBUG_INFO = NO;
				SDKROOT = iphoneos;
				TARGETED_DEVICE_FAMILY = "1,2";
				VALIDATE_PRODUCT = YES;
			};
			name = Release;
		};
		C663BD7D1C504EF4009C50D9 /* Debug */ = {
			isa = XCBuildConfiguration;
			buildSettings = {
				ASSETCATALOG_COMPILER_APPICON_NAME = AppIcon;
				CLANG_ENABLE_MODULES = YES;
				INFOPLIST_FILE = MartinApp/Info.plist;
				LD_RUNPATH_SEARCH_PATHS = "$(inherited) @executable_path/Frameworks";
				PRODUCT_BUNDLE_IDENTIFIER = com.geomartin.MartinApp;
				PRODUCT_NAME = "$(TARGET_NAME)";
				SWIFT_OBJC_BRIDGING_HEADER = "MartinApp/MartinApp-Bridging-Header.h";
				SWIFT_OPTIMIZATION_LEVEL = "-Onone";
			};
			name = Debug;
		};
		C663BD7E1C504EF4009C50D9 /* Release */ = {
			isa = XCBuildConfiguration;
			buildSettings = {
				ASSETCATALOG_COMPILER_APPICON_NAME = AppIcon;
				CLANG_ENABLE_MODULES = YES;
				INFOPLIST_FILE = MartinApp/Info.plist;
				LD_RUNPATH_SEARCH_PATHS = "$(inherited) @executable_path/Frameworks";
				PRODUCT_BUNDLE_IDENTIFIER = com.geomartin.MartinApp;
				PRODUCT_NAME = "$(TARGET_NAME)";
				SWIFT_OBJC_BRIDGING_HEADER = "MartinApp/MartinApp-Bridging-Header.h";
			};
			name = Release;
		};
/* End XCBuildConfiguration section */

/* Begin XCConfigurationList section */
		C663BD651C504EF4009C50D9 /* Build configuration list for PBXProject "MartinApp" */ = {
			isa = XCConfigurationList;
			buildConfigurations = (
				C663BD7A1C504EF4009C50D9 /* Debug */,
				C663BD7B1C504EF4009C50D9 /* Release */,
			);
			defaultConfigurationIsVisible = 0;
			defaultConfigurationName = Release;
		};
		C663BD7C1C504EF4009C50D9 /* Build configuration list for PBXNativeTarget "MartinApp" */ = {
			isa = XCConfigurationList;
			buildConfigurations = (
				C663BD7D1C504EF4009C50D9 /* Debug */,
				C663BD7E1C504EF4009C50D9 /* Release */,
			);
			defaultConfigurationIsVisible = 0;
			defaultConfigurationName = Release;
		};
/* End XCConfigurationList section */
	};
	rootObject = C663BD621C504EF4009C50D9 /* Project object */;
}
